
Microsoft Visual Studio Solution File, Format Version 12.00
# Visual Studio Version 16
VisualStudioVersion = 16.0.29613.14
MinimumVisualStudioVersion = 10.0.40219.1
Project("{FAE04EC0-301F-11D3-BF4B-00C04F79EFBC}") = "WizLib", "WizLib\WizLib.csproj", "{AF858265-E93B-49A5-8DC9-7675BCE35FD3}"
EndProject
Project("{FAE04EC0-301F-11D3-BF4B-00C04F79EFBC}") = "WizLib_DataAccess", "WizLib_DataAccess\WizLib_DataAccess.csproj", "{0A6ECF68-C845-4335-80AB-54E2AA9BA382}"
EndProject
Project("{FAE04EC0-301F-11D3-BF4B-00C04F79EFBC}") = "WizLib_Model", "WizLib_Model\WizLib_Model.csproj", "{DEE16922-30FB-48BB-88CC-7F73BF63473D}"
EndProject
Global
	GlobalSection(SolutionConfigurationPlatforms) = preSolution
		Debug|Any CPU = Debug|Any CPU
		Release|Any CPU = Release|Any CPU
	EndGlobalSection
	GlobalSection(ProjectConfigurationPlatforms) = postSolution
		{AF858265-E93B-49A5-8DC9-7675BCE35FD3}.Debug|Any CPU.ActiveCfg = Debug|Any CPU
		{AF858265-E93B-49A5-8DC9-7675BCE35FD3}.Debug|Any CPU.Build.0 = Debug|Any CPU
		{AF858265-E93B-49A5-8DC9-7675BCE35FD3}.Release|Any CPU.ActiveCfg = Release|Any CPU
		{AF858265-E93B-49A5-8DC9-7675BCE35FD3}.Release|Any CPU.Build.0 = Release|Any CPU
		{0A6ECF68-C845-4335-80AB-54E2AA9BA382}.Debug|Any CPU.ActiveCfg = Debug|Any CPU
		{0A6ECF68-C845-4335-80AB-54E2AA9BA382}.Debug|Any CPU.Build.0 = Debug|Any CPU
		{0A6ECF68-C845-4335-80AB-54E2AA9BA382}.Release|Any CPU.ActiveCfg = Release|Any CPU
		{0A6ECF68-C845-4335-80AB-54E2AA9BA382}.Release|Any CPU.Build.0 = Release|Any CPU
		{DEE16922-30FB-48BB-88CC-7F73BF63473D}.Debug|Any CPU.ActiveCfg = Debug|Any CPU
		{DEE16922-30FB-48BB-88CC-7F73BF63473D}.Debug|Any CPU.Build.0 = Debug|Any CPU
		{DEE16922-30FB-48BB-88CC-7F73BF63473D}.Release|Any CPU.ActiveCfg = Release|Any CPU
		{DEE16922-30FB-48BB-88CC-7F73BF63473D}.Release|Any CPU.Build.0 = Release|Any CPU
	EndGlobalSection
	GlobalSection(SolutionProperties) = preSolution
		HideSolutionNode = FALSE
	EndGlobalSection
	GlobalSection(ExtensibilityGlobals) = postSolution
		SolutionGuid = {2E2ACB9A-21B7-429C-B6E2-B71DC8E33F4A}
	EndGlobalSection
EndGlobal
